
Microsoft Visual Studio Solution File, Format Version 12.00
# Visual Studio Version 16
VisualStudioVersion = 16.0.31727.386
MinimumVisualStudioVersion = 10.0.40219.1
Project("{FAE04EC0-301F-11D3-BF4B-00C04F79EFBC}") = "Global_Exception_Handling", "Global_Exception_Handling\Global_Exception_Handling.csproj", "{86885855-A95E-4260-BA16-6C868FE65565}"
EndProject
Global
	GlobalSection(SolutionConfigurationPlatforms) = preSolution
		Debug|Any CPU = Debug|Any CPU
		Release|Any CPU = Release|Any CPU
	EndGlobalSection
	GlobalSection(ProjectConfigurationPlatforms) = postSolution
		{86885855-A95E-4260-BA16-6C868FE65565}.Debug|Any CPU.ActiveCfg = Debug|Any CPU
		{86885855-A95E-4260-BA16-6C868FE65565}.Debug|Any CPU.Build.0 = Debug|Any CPU
		{86885855-A95E-4260-BA16-6C868FE65565}.Release|Any CPU.ActiveCfg = Release|Any CPU
		{86885855-A95E-4260-BA16-6C868FE65565}.Release|Any CPU.Build.0 = Release|Any CPU
	EndGlobalSection
	GlobalSection(SolutionProperties) = preSolution
		HideSolutionNode = FALSE
	EndGlobalSection
	GlobalSection(ExtensibilityGlobals) = postSolution
		SolutionGuid = {7E9FF8D9-F2E6-4A69-B53D-D7091272BEFE}
	EndGlobalSection
EndGlobal
